github.com/mitchellh/go-ps v1.0.0 h1:i6ampVEEF4wQFF+bkYfwYgY+F/uYJDktmvLPf7qIgjc=
github.com/mitchellh/go-ps v1.0.0/go.mod h1:J4lOc8z8yJs6vUwklHw2XEIiT4z4C40KtWVN3nvg8Pg=
github.com/mochi-co/kana-tools v1.1.0 h1:CrMLgiHuI/edj0XznHqlk0uYNCM53UmQfv97WKaUWMo=
github.com/mochi-co/kana-tools v1.1.0/go.mod h1:oGanjNn85gruPrIMLL6Z06cSm3VxJIP6yfpP5IuSPYw=
